
Microsoft Visual Studio Solution File, Format Version 11.00
# Visual Studio 2010
Project("{FAE04EC0-301F-11D3-BF4B-00C04F79EFBC}") = "Binary search", "Binary search\Binary search.csproj", "{264FFADF-D58F-4084-9993-6B2D0002B8EC}"
EndProject
Global
	GlobalSection(SolutionConfigurationPlatforms) = preSolution
		Debug|x86 = Debug|x86
		Release|x86 = Release|x86
	EndGlobalSection
	GlobalSection(ProjectConfigurationPlatforms) = postSolution
		{264FFADF-D58F-4084-9993-6B2D0002B8EC}.Debug|x86.ActiveCfg = Debug|x86
		{264FFADF-D58F-4084-9993-6B2D0002B8EC}.Debug|x86.Build.0 = Debug|x86
		{264FFADF-D58F-4084-9993-6B2D0002B8EC}.Release|x86.ActiveCfg = Release|x86
		{264FFADF-D58F-4084-9993-6B2D0002B8EC}.Release|x86.Build.0 = Release|x86
	EndGlobalSection
	GlobalSection(SolutionProperties) = preSolution
		HideSolutionNode = FALSE
	EndGlobalSection
EndGlobal
